
Microsoft Visual Studio Solution File, Format Version 12.00
# Visual Studio 15
VisualStudioVersion = 15.0.26124.0
MinimumVisualStudioVersion = 15.0.26124.0
Project("{FAE04EC0-301F-11D3-BF4B-00C04F79EFBC}") = "day01", "day01\day01.csproj", "{DAB74490-949B-4356-88E8-A6E37EAE65FE}"
EndProject
Project("{2150E333-8FDC-42A3-9474-1A3956D46DE8}") = "tests", "tests", "{6FF84701-5A4E-4664-8E4D-C925F1D10D14}"
EndProject
Project("{FAE04EC0-301F-11D3-BF4B-00C04F79EFBC}") = "day02", "day02\day02.csproj", "{6B98E093-7D82-417C-A717-8755E93488D5}"
EndProject
Project("{FAE04EC0-301F-11D3-BF4B-00C04F79EFBC}") = "day02tests", "tests\day02tests\day02tests.csproj", "{D1CBFCAC-CC09-4832-97A2-B0E31319C891}"
EndProject
Project("{FAE04EC0-301F-11D3-BF4B-00C04F79EFBC}") = "day03", "day03\day03.csproj", "{53503387-44EB-47D2-80CC-8E18D63FD043}"
EndProject
Project("{FAE04EC0-301F-11D3-BF4B-00C04F79EFBC}") = "day04", "day04\day04.csproj", "{7A5786F0-7ED4-4197-B407-C74F4BB7BABF}"
EndProject
Project("{FAE04EC0-301F-11D3-BF4B-00C04F79EFBC}") = "day04tests", "tests\day04tests\day04tests.csproj", "{E5CDA9C9-32DA-4811-89C0-D32662396463}"
EndProject
Project("{FAE04EC0-301F-11D3-BF4B-00C04F79EFBC}") = "day05", "day05\day05.csproj", "{B2EED650-C09A-4C09-B9C4-6EDDCAC1A2A5}"
EndProject
Project("{FAE04EC0-301F-11D3-BF4B-00C04F79EFBC}") = "day05tests", "tests\day05tests\day05tests.csproj", "{C7B07E68-092E-4714-85D3-E4308784ACD7}"
EndProject
Project("{FAE04EC0-301F-11D3-BF4B-00C04F79EFBC}") = "day06", "day06\day06.csproj", "{7F960E12-AF4C-432B-81C9-218CD1DC100D}"
EndProject
Project("{FAE04EC0-301F-11D3-BF4B-00C04F79EFBC}") = "day06tests", "tests\day06tests\day06tests.csproj", "{014A61F2-08ED-4255-AC02-D44DEB86CB7B}"
EndProject
Project("{FAE04EC0-301F-11D3-BF4B-00C04F79EFBC}") = "day07", "day07\day07.csproj", "{66B2CEA1-5EC6-4A4A-919D-A2740D043F91}"
EndProject
Project("{FAE04EC0-301F-11D3-BF4B-00C04F79EFBC}") = "day07tests", "tests\day07tests\day07tests.csproj", "{A15D4AE0-E8DF-437A-8DE6-9D599686EB19}"
EndProject
Project("{FAE04EC0-301F-11D3-BF4B-00C04F79EFBC}") = "day08", "day08\day08.csproj", "{36D746AD-FB63-4EB7-B5EB-5BAD34E646A3}"
EndProject
Project("{FAE04EC0-301F-11D3-BF4B-00C04F79EFBC}") = "day08tests", "tests\day08tests\day08tests.csproj", "{41F881F0-B4DF-4C2A-8586-C0D18F41203B}"
EndProject
Project("{FAE04EC0-301F-11D3-BF4B-00C04F79EFBC}") = "day09", "day09\day09.csproj", "{D385A767-3909-407B-8DF1-23C48586D6AB}"
EndProject
Project("{FAE04EC0-301F-11D3-BF4B-00C04F79EFBC}") = "day09tests", "tests\day09tests\day09tests.csproj", "{7C743180-0EA7-432D-8087-A6FA66269921}"
EndProject
Project("{FAE04EC0-301F-11D3-BF4B-00C04F79EFBC}") = "day10", "day10\day10.csproj", "{C454E5AF-6C66-45DD-9659-D4E6978F77C1}"
EndProject
Project("{FAE04EC0-301F-11D3-BF4B-00C04F79EFBC}") = "day10tests", "tests\day10tests\day10tests.csproj", "{BCA6D3E6-330C-4E9F-B220-BD0B8739AAC9}"
EndProject
Project("{FAE04EC0-301F-11D3-BF4B-00C04F79EFBC}") = "day11", "day11\day11.csproj", "{A393111C-57F3-47DB-888B-545A7F9ED530}"
EndProject
Project("{FAE04EC0-301F-11D3-BF4B-00C04F79EFBC}") = "day11tests", "tests\day11tests\day11tests.csproj", "{9E38B6F1-F9AE-42EC-A88D-ABB69988EE77}"
EndProject
Project("{FAE04EC0-301F-11D3-BF4B-00C04F79EFBC}") = "day12", "day12\day12.csproj", "{4E84112F-D0EE-4284-9CD5-FDAD570D9D4D}"
EndProject
Project("{FAE04EC0-301F-11D3-BF4B-00C04F79EFBC}") = "day12tests", "tests\day12tests\day12tests.csproj", "{6E79C00F-3D51-4607-8A33-DCCA82963285}"
EndProject
Project("{FAE04EC0-301F-11D3-BF4B-00C04F79EFBC}") = "day13", "day13\day13.csproj", "{3980FA3F-A0B1-42BB-9D97-38BD33787509}"
EndProject
Project("{FAE04EC0-301F-11D3-BF4B-00C04F79EFBC}") = "day13tests", "tests\day13tests\day13tests.csproj", "{E58E4C0E-FA20-4F71-8727-1FF07A141A71}"
EndProject
Project("{FAE04EC0-301F-11D3-BF4B-00C04F79EFBC}") = "day14", "day14\day14.csproj", "{3DE66750-4ACB-44A8-847D-B3BA92A3BA52}"
EndProject
Project("{FAE04EC0-301F-11D3-BF4B-00C04F79EFBC}") = "day14tests", "tests\day14tests\day14tests.csproj", "{2728B804-8467-4983-831F-185AEA2AE1A3}"
EndProject
Project("{FAE04EC0-301F-11D3-BF4B-00C04F79EFBC}") = "day15", "day15\day15.csproj", "{89C66E5A-130C-46B8-BA0D-B0415674668C}"
EndProject
Project("{FAE04EC0-301F-11D3-BF4B-00C04F79EFBC}") = "day15tests", "tests\day15tests\day15tests.csproj", "{1A59DA7C-0DB3-48C2-90CA-8FD0B58A08C6}"
EndProject
Project("{FAE04EC0-301F-11D3-BF4B-00C04F79EFBC}") = "day16", "day16\day16.csproj", "{F7990288-5DBE-4F0B-A421-9D2898E625E1}"
EndProject
Project("{FAE04EC0-301F-11D3-BF4B-00C04F79EFBC}") = "day16tests", "tests\day16tests\day16tests.csproj", "{B4142E79-BFE8-42C4-A50F-9D701C011F61}"
EndProject
Global
	GlobalSection(SolutionConfigurationPlatforms) = preSolution
		Debug|Any CPU = Debug|Any CPU
		Debug|x64 = Debug|x64
		Debug|x86 = Debug|x86
		Release|Any CPU = Release|Any CPU
		Release|x64 = Release|x64
		Release|x86 = Release|x86
	EndGlobalSection
	GlobalSection(SolutionProperties) = preSolution
		HideSolutionNode = FALSE
	EndGlobalSection
	GlobalSection(ProjectConfigurationPlatforms) = postSolution
		{DAB74490-949B-4356-88E8-A6E37EAE65FE}.Debug|Any CPU.ActiveCfg = Debug|Any CPU
		{DAB74490-949B-4356-88E8-A6E37EAE65FE}.Debug|Any CPU.Build.0 = Debug|Any CPU
		{DAB74490-949B-4356-88E8-A6E37EAE65FE}.Debug|x64.ActiveCfg = Debug|Any CPU
		{DAB74490-949B-4356-88E8-A6E37EAE65FE}.Debug|x64.Build.0 = Debug|Any CPU
		{DAB74490-949B-4356-88E8-A6E37EAE65FE}.Debug|x86.ActiveCfg = Debug|Any CPU
		{DAB74490-949B-4356-88E8-A6E37EAE65FE}.Debug|x86.Build.0 = Debug|Any CPU
		{DAB74490-949B-4356-88E8-A6E37EAE65FE}.Release|Any CPU.ActiveCfg = Release|Any CPU
		{DAB74490-949B-4356-88E8-A6E37EAE65FE}.Release|Any CPU.Build.0 = Release|Any CPU
		{DAB74490-949B-4356-88E8-A6E37EAE65FE}.Release|x64.ActiveCfg = Release|Any CPU
		{DAB74490-949B-4356-88E8-A6E37EAE65FE}.Release|x64.Build.0 = Release|Any CPU
		{DAB74490-949B-4356-88E8-A6E37EAE65FE}.Release|x86.ActiveCfg = Release|Any CPU
		{DAB74490-949B-4356-88E8-A6E37EAE65FE}.Release|x86.Build.0 = Release|Any CPU
		{6B98E093-7D82-417C-A717-8755E93488D5}.Debug|Any CPU.ActiveCfg = Debug|Any CPU
		{6B98E093-7D82-417C-A717-8755E93488D5}.Debug|Any CPU.Build.0 = Debug|Any CPU
		{6B98E093-7D82-417C-A717-8755E93488D5}.Debug|x64.ActiveCfg = Debug|Any CPU
		{6B98E093-7D82-417C-A717-8755E93488D5}.Debug|x64.Build.0 = Debug|Any CPU
		{6B98E093-7D82-417C-A717-8755E93488D5}.Debug|x86.ActiveCfg = Debug|Any CPU
		{6B98E093-7D82-417C-A717-8755E93488D5}.Debug|x86.Build.0 = Debug|Any CPU
		{6B98E093-7D82-417C-A717-8755E93488D5}.Release|Any CPU.ActiveCfg = Release|Any CPU
		{6B98E093-7D82-417C-A717-8755E93488D5}.Release|Any CPU.Build.0 = Release|Any CPU
		{6B98E093-7D82-417C-A717-8755E93488D5}.Release|x64.ActiveCfg = Release|Any CPU
		{6B98E093-7D82-417C-A717-8755E93488D5}.Release|x64.Build.0 = Release|Any CPU
		{6B98E093-7D82-417C-A717-8755E93488D5}.Release|x86.ActiveCfg = Release|Any CPU
		{6B98E093-7D82-417C-A717-8755E93488D5}.Release|x86.Build.0 = Release|Any CPU
		{D1CBFCAC-CC09-4832-97A2-B0E31319C891}.Debug|Any CPU.ActiveCfg = Debug|Any CPU
		{D1CBFCAC-CC09-4832-97A2-B0E31319C891}.Debug|Any CPU.Build.0 = Debug|Any CPU
		{D1CBFCAC-CC09-4832-97A2-B0E31319C891}.Debug|x64.ActiveCfg = Debug|Any CPU
		{D1CBFCAC-CC09-4832-97A2-B0E31319C891}.Debug|x64.Build.0 = Debug|Any CPU
		{D1CBFCAC-CC09-4832-97A2-B0E31319C891}.Debug|x86.ActiveCfg = Debug|Any CPU
		{D1CBFCAC-CC09-4832-97A2-B0E31319C891}.Debug|x86.Build.0 = Debug|Any CPU
		{D1CBFCAC-CC09-4832-97A2-B0E31319C891}.Release|Any CPU.ActiveCfg = Release|Any CPU
		{D1CBFCAC-CC09-4832-97A2-B0E31319C891}.Release|Any CPU.Build.0 = Release|Any CPU
		{D1CBFCAC-CC09-4832-97A2-B0E31319C891}.Release|x64.ActiveCfg = Release|Any CPU
		{D1CBFCAC-CC09-4832-97A2-B0E31319C891}.Release|x64.Build.0 = Release|Any CPU
		{D1CBFCAC-CC09-4832-97A2-B0E31319C891}.Release|x86.ActiveCfg = Release|Any CPU
		{D1CBFCAC-CC09-4832-97A2-B0E31319C891}.Release|x86.Build.0 = Release|Any CPU
		{53503387-44EB-47D2-80CC-8E18D63FD043}.Debug|Any CPU.ActiveCfg = Debug|Any CPU
		{53503387-44EB-47D2-80CC-8E18D63FD043}.Debug|Any CPU.Build.0 = Debug|Any CPU
		{53503387-44EB-47D2-80CC-8E18D63FD043}.Debug|x64.ActiveCfg = Debug|Any CPU
		{53503387-44EB-47D2-80CC-8E18D63FD043}.Debug|x64.Build.0 = Debug|Any CPU
		{53503387-44EB-47D2-80CC-8E18D63FD043}.Debug|x86.ActiveCfg = Debug|Any CPU
		{53503387-44EB-47D2-80CC-8E18D63FD043}.Debug|x86.Build.0 = Debug|Any CPU
		{53503387-44EB-47D2-80CC-8E18D63FD043}.Release|Any CPU.ActiveCfg = Release|Any CPU
		{53503387-44EB-47D2-80CC-8E18D63FD043}.Release|Any CPU.Build.0 = Release|Any CPU
		{53503387-44EB-47D2-80CC-8E18D63FD043}.Release|x64.ActiveCfg = Release|Any CPU
		{53503387-44EB-47D2-80CC-8E18D63FD043}.Release|x64.Build.0 = Release|Any CPU
		{53503387-44EB-47D2-80CC-8E18D63FD043}.Release|x86.ActiveCfg = Release|Any CPU
		{53503387-44EB-47D2-80CC-8E18D63FD043}.Release|x86.Build.0 = Release|Any CPU
		{7A5786F0-7ED4-4197-B407-C74F4BB7BABF}.Debug|Any CPU.ActiveCfg = Debug|Any CPU
		{7A5786F0-7ED4-4197-B407-C74F4BB7BABF}.Debug|Any CPU.Build.0 = Debug|Any CPU
		{7A5786F0-7ED4-4197-B407-C74F4BB7BABF}.Debug|x64.ActiveCfg = Debug|Any CPU
		{7A5786F0-7ED4-4197-B407-C74F4BB7BABF}.Debug|x64.Build.0 = Debug|Any CPU
		{7A5786F0-7ED4-4197-B407-C74F4BB7BABF}.Debug|x86.ActiveCfg = Debug|Any CPU
		{7A5786F0-7ED4-4197-B407-C74F4BB7BABF}.Debug|x86.Build.0 = Debug|Any CPU
		{7A5786F0-7ED4-4197-B407-C74F4BB7BABF}.Release|Any CPU.ActiveCfg = Release|Any CPU
		{7A5786F0-7ED4-4197-B407-C74F4BB7BABF}.Release|Any CPU.Build.0 = Release|Any CPU
		{7A5786F0-7ED4-4197-B407-C74F4BB7BABF}.Release|x64.ActiveCfg = Release|Any CPU
		{7A5786F0-7ED4-4197-B407-C74F4BB7BABF}.Release|x64.Build.0 = Release|Any CPU
		{7A5786F0-7ED4-4197-B407-C74F4BB7BABF}.Release|x86.ActiveCfg = Release|Any CPU
		{7A5786F0-7ED4-4197-B407-C74F4BB7BABF}.Release|x86.Build.0 = Release|Any CPU
		{E5CDA9C9-32DA-4811-89C0-D32662396463}.Debug|Any CPU.ActiveCfg = Debug|Any CPU
		{E5CDA9C9-32DA-4811-89C0-D32662396463}.Debug|Any CPU.Build.0 = Debug|Any CPU
		{E5CDA9C9-32DA-4811-89C0-D32662396463}.Debug|x64.ActiveCfg = Debug|Any CPU
		{E5CDA9C9-32DA-4811-89C0-D32662396463}.Debug|x64.Build.0 = Debug|Any CPU
		{E5CDA9C9-32DA-4811-89C0-D32662396463}.Debug|x86.ActiveCfg = Debug|Any CPU
		{E5CDA9C9-32DA-4811-89C0-D32662396463}.Debug|x86.Build.0 = Debug|Any CPU
		{E5CDA9C9-32DA-4811-89C0-D32662396463}.Release|Any CPU.ActiveCfg = Release|Any CPU
		{E5CDA9C9-32DA-4811-89C0-D32662396463}.Release|Any CPU.Build.0 = Release|Any CPU
		{E5CDA9C9-32DA-4811-89C0-D32662396463}.Release|x64.ActiveCfg = Release|Any CPU
		{E5CDA9C9-32DA-4811-89C0-D32662396463}.Release|x64.Build.0 = Release|Any CPU
		{E5CDA9C9-32DA-4811-89C0-D32662396463}.Release|x86.ActiveCfg = Release|Any CPU
		{E5CDA9C9-32DA-4811-89C0-D32662396463}.Release|x86.Build.0 = Release|Any CPU
		{B2EED650-C09A-4C09-B9C4-6EDDCAC1A2A5}.Debug|Any CPU.ActiveCfg = Debug|Any CPU
		{B2EED650-C09A-4C09-B9C4-6EDDCAC1A2A5}.Debug|Any CPU.Build.0 = Debug|Any CPU
		{B2EED650-C09A-4C09-B9C4-6EDDCAC1A2A5}.Debug|x64.ActiveCfg = Debug|Any CPU
		{B2EED650-C09A-4C09-B9C4-6EDDCAC1A2A5}.Debug|x64.Build.0 = Debug|Any CPU
		{B2EED650-C09A-4C09-B9C4-6EDDCAC1A2A5}.Debug|x86.ActiveCfg = Debug|Any CPU
		{B2EED650-C09A-4C09-B9C4-6EDDCAC1A2A5}.Debug|x86.Build.0 = Debug|Any CPU
		{B2EED650-C09A-4C09-B9C4-6EDDCAC1A2A5}.Release|Any CPU.ActiveCfg = Release|Any CPU
		{B2EED650-C09A-4C09-B9C4-6EDDCAC1A2A5}.Release|Any CPU.Build.0 = Release|Any CPU
		{B2EED650-C09A-4C09-B9C4-6EDDCAC1A2A5}.Release|x64.ActiveCfg = Release|Any CPU
		{B2EED650-C09A-4C09-B9C4-6EDDCAC1A2A5}.Release|x64.Build.0 = Release|Any CPU
		{B2EED650-C09A-4C09-B9C4-6EDDCAC1A2A5}.Release|x86.ActiveCfg = Release|Any CPU
		{B2EED650-C09A-4C09-B9C4-6EDDCAC1A2A5}.Release|x86.Build.0 = Release|Any CPU
		{C7B07E68-092E-4714-85D3-E4308784ACD7}.Debug|Any CPU.ActiveCfg = Debug|Any CPU
		{C7B07E68-092E-4714-85D3-E4308784ACD7}.Debug|Any CPU.Build.0 = Debug|Any CPU
		{C7B07E68-092E-4714-85D3-E4308784ACD7}.Debug|x64.ActiveCfg = Debug|Any CPU
		{C7B07E68-092E-4714-85D3-E4308784ACD7}.Debug|x64.Build.0 = Debug|Any CPU
		{C7B07E68-092E-4714-85D3-E4308784ACD7}.Debug|x86.ActiveCfg = Debug|Any CPU
		{C7B07E68-092E-4714-85D3-E4308784ACD7}.Debug|x86.Build.0 = Debug|Any CPU
		{C7B07E68-092E-4714-85D3-E4308784ACD7}.Release|Any CPU.ActiveCfg = Release|Any CPU
		{C7B07E68-092E-4714-85D3-E4308784ACD7}.Release|Any CPU.Build.0 = Release|Any CPU
		{C7B07E68-092E-4714-85D3-E4308784ACD7}.Release|x64.ActiveCfg = Release|Any CPU
		{C7B07E68-092E-4714-85D3-E4308784ACD7}.Release|x64.Build.0 = Release|Any CPU
		{C7B07E68-092E-4714-85D3-E4308784ACD7}.Release|x86.ActiveCfg = Release|Any CPU
		{C7B07E68-092E-4714-85D3-E4308784ACD7}.Release|x86.Build.0 = Release|Any CPU
		{7F960E12-AF4C-432B-81C9-218CD1DC100D}.Debug|Any CPU.ActiveCfg = Debug|Any CPU
		{7F960E12-AF4C-432B-81C9-218CD1DC100D}.Debug|Any CPU.Build.0 = Debug|Any CPU
		{7F960E12-AF4C-432B-81C9-218CD1DC100D}.Debug|x64.ActiveCfg = Debug|Any CPU
		{7F960E12-AF4C-432B-81C9-218CD1DC100D}.Debug|x64.Build.0 = Debug|Any CPU
		{7F960E12-AF4C-432B-81C9-218CD1DC100D}.Debug|x86.ActiveCfg = Debug|Any CPU
		{7F960E12-AF4C-432B-81C9-218CD1DC100D}.Debug|x86.Build.0 = Debug|Any CPU
		{7F960E12-AF4C-432B-81C9-218CD1DC100D}.Release|Any CPU.ActiveCfg = Release|Any CPU
		{7F960E12-AF4C-432B-81C9-218CD1DC100D}.Release|Any CPU.Build.0 = Release|Any CPU
		{7F960E12-AF4C-432B-81C9-218CD1DC100D}.Release|x64.ActiveCfg = Release|Any CPU
		{7F960E12-AF4C-432B-81C9-218CD1DC100D}.Release|x64.Build.0 = Release|Any CPU
		{7F960E12-AF4C-432B-81C9-218CD1DC100D}.Release|x86.ActiveCfg = Release|Any CPU
		{7F960E12-AF4C-432B-81C9-218CD1DC100D}.Release|x86.Build.0 = Release|Any CPU
		{014A61F2-08ED-4255-AC02-D44DEB86CB7B}.Debug|Any CPU.ActiveCfg = Debug|Any CPU
		{014A61F2-08ED-4255-AC02-D44DEB86CB7B}.Debug|Any CPU.Build.0 = Debug|Any CPU
		{014A61F2-08ED-4255-AC02-D44DEB86CB7B}.Debug|x64.ActiveCfg = Debug|Any CPU
		{014A61F2-08ED-4255-AC02-D44DEB86CB7B}.Debug|x64.Build.0 = Debug|Any CPU
		{014A61F2-08ED-4255-AC02-D44DEB86CB7B}.Debug|x86.ActiveCfg = Debug|Any CPU
		{014A61F2-08ED-4255-AC02-D44DEB86CB7B}.Debug|x86.Build.0 = Debug|Any CPU
		{014A61F2-08ED-4255-AC02-D44DEB86CB7B}.Release|Any CPU.ActiveCfg = Release|Any CPU
		{014A61F2-08ED-4255-AC02-D44DEB86CB7B}.Release|Any CPU.Build.0 = Release|Any CPU
		{014A61F2-08ED-4255-AC02-D44DEB86CB7B}.Release|x64.ActiveCfg = Release|Any CPU
		{014A61F2-08ED-4255-AC02-D44DEB86CB7B}.Release|x64.Build.0 = Release|Any CPU
		{014A61F2-08ED-4255-AC02-D44DEB86CB7B}.Release|x86.ActiveCfg = Release|Any CPU
		{014A61F2-08ED-4255-AC02-D44DEB86CB7B}.Release|x86.Build.0 = Release|Any CPU
		{66B2CEA1-5EC6-4A4A-919D-A2740D043F91}.Debug|Any CPU.ActiveCfg = Debug|Any CPU
		{66B2CEA1-5EC6-4A4A-919D-A2740D043F91}.Debug|Any CPU.Build.0 = Debug|Any CPU
		{66B2CEA1-5EC6-4A4A-919D-A2740D043F91}.Debug|x64.ActiveCfg = Debug|Any CPU
		{66B2CEA1-5EC6-4A4A-919D-A2740D043F91}.Debug|x64.Build.0 = Debug|Any CPU
		{66B2CEA1-5EC6-4A4A-919D-A2740D043F91}.Debug|x86.ActiveCfg = Debug|Any CPU
		{66B2CEA1-5EC6-4A4A-919D-A2740D043F91}.Debug|x86.Build.0 = Debug|Any CPU
		{66B2CEA1-5EC6-4A4A-919D-A2740D043F91}.Release|Any CPU.ActiveCfg = Release|Any CPU
		{66B2CEA1-5EC6-4A4A-919D-A2740D043F91}.Release|Any CPU.Build.0 = Release|Any CPU
		{66B2CEA1-5EC6-4A4A-919D-A2740D043F91}.Release|x64.ActiveCfg = Release|Any CPU
		{66B2CEA1-5EC6-4A4A-919D-A2740D043F91}.Release|x64.Build.0 = Release|Any CPU
		{66B2CEA1-5EC6-4A4A-919D-A2740D043F91}.Release|x86.ActiveCfg = Release|Any CPU
		{66B2CEA1-5EC6-4A4A-919D-A2740D043F91}.Release|x86.Build.0 = Release|Any CPU
		{A15D4AE0-E8DF-437A-8DE6-9D599686EB19}.Debug|Any CPU.ActiveCfg = Debug|Any CPU
		{A15D4AE0-E8DF-437A-8DE6-9D599686EB19}.Debug|Any CPU.Build.0 = Debug|Any CPU
		{A15D4AE0-E8DF-437A-8DE6-9D599686EB19}.Debug|x64.ActiveCfg = Debug|Any CPU
		{A15D4AE0-E8DF-437A-8DE6-9D599686EB19}.Debug|x64.Build.0 = Debug|Any CPU
		{A15D4AE0-E8DF-437A-8DE6-9D599686EB19}.Debug|x86.ActiveCfg = Debug|Any CPU
		{A15D4AE0-E8DF-437A-8DE6-9D599686EB19}.Debug|x86.Build.0 = Debug|Any CPU
		{A15D4AE0-E8DF-437A-8DE6-9D599686EB19}.Release|Any CPU.ActiveCfg = Release|Any CPU
		{A15D4AE0-E8DF-437A-8DE6-9D599686EB19}.Release|Any CPU.Build.0 = Release|Any CPU
		{A15D4AE0-E8DF-437A-8DE6-9D599686EB19}.Release|x64.ActiveCfg = Release|Any CPU
		{A15D4AE0-E8DF-437A-8DE6-9D599686EB19}.Release|x64.Build.0 = Release|Any CPU
		{A15D4AE0-E8DF-437A-8DE6-9D599686EB19}.Release|x86.ActiveCfg = Release|Any CPU
		{A15D4AE0-E8DF-437A-8DE6-9D599686EB19}.Release|x86.Build.0 = Release|Any CPU
		{36D746AD-FB63-4EB7-B5EB-5BAD34E646A3}.Debug|Any CPU.ActiveCfg = Debug|Any CPU
		{36D746AD-FB63-4EB7-B5EB-5BAD34E646A3}.Debug|Any CPU.Build.0 = Debug|Any CPU
		{36D746AD-FB63-4EB7-B5EB-5BAD34E646A3}.Debug|x64.ActiveCfg = Debug|Any CPU
		{36D746AD-FB63-4EB7-B5EB-5BAD34E646A3}.Debug|x64.Build.0 = Debug|Any CPU
		{36D746AD-FB63-4EB7-B5EB-5BAD34E646A3}.Debug|x86.ActiveCfg = Debug|Any CPU
		{36D746AD-FB63-4EB7-B5EB-5BAD34E646A3}.Debug|x86.Build.0 = Debug|Any CPU
		{36D746AD-FB63-4EB7-B5EB-5BAD34E646A3}.Release|Any CPU.ActiveCfg = Release|Any CPU
		{36D746AD-FB63-4EB7-B5EB-5BAD34E646A3}.Release|Any CPU.Build.0 = Release|Any CPU
		{36D746AD-FB63-4EB7-B5EB-5BAD34E646A3}.Release|x64.ActiveCfg = Release|Any CPU
		{36D746AD-FB63-4EB7-B5EB-5BAD34E646A3}.Release|x64.Build.0 = Release|Any CPU
		{36D746AD-FB63-4EB7-B5EB-5BAD34E646A3}.Release|x86.ActiveCfg = Release|Any CPU
		{36D746AD-FB63-4EB7-B5EB-5BAD34E646A3}.Release|x86.Build.0 = Release|Any CPU
		{41F881F0-B4DF-4C2A-8586-C0D18F41203B}.Debug|Any CPU.ActiveCfg = Debug|Any CPU
		{41F881F0-B4DF-4C2A-8586-C0D18F41203B}.Debug|Any CPU.Build.0 = Debug|Any CPU
		{41F881F0-B4DF-4C2A-8586-C0D18F41203B}.Debug|x64.ActiveCfg = Debug|Any CPU
		{41F881F0-B4DF-4C2A-8586-C0D18F41203B}.Debug|x64.Build.0 = Debug|Any CPU
		{41F881F0-B4DF-4C2A-8586-C0D18F41203B}.Debug|x86.ActiveCfg = Debug|Any CPU
		{41F881F0-B4DF-4C2A-8586-C0D18F41203B}.Debug|x86.Build.0 = Debug|Any CPU
		{41F881F0-B4DF-4C2A-8586-C0D18F41203B}.Release|Any CPU.ActiveCfg = Release|Any CPU
		{41F881F0-B4DF-4C2A-8586-C0D18F41203B}.Release|Any CPU.Build.0 = Release|Any CPU
		{41F881F0-B4DF-4C2A-8586-C0D18F41203B}.Release|x64.ActiveCfg = Release|Any CPU
		{41F881F0-B4DF-4C2A-8586-C0D18F41203B}.Release|x64.Build.0 = Release|Any CPU
		{41F881F0-B4DF-4C2A-8586-C0D18F41203B}.Release|x86.ActiveCfg = Release|Any CPU
		{41F881F0-B4DF-4C2A-8586-C0D18F41203B}.Release|x86.Build.0 = Release|Any CPU
		{D385A767-3909-407B-8DF1-23C48586D6AB}.Debug|Any CPU.ActiveCfg = Debug|Any CPU
		{D385A767-3909-407B-8DF1-23C48586D6AB}.Debug|Any CPU.Build.0 = Debug|Any CPU
		{D385A767-3909-407B-8DF1-23C48586D6AB}.Debug|x64.ActiveCfg = Debug|Any CPU
		{D385A767-3909-407B-8DF1-23C48586D6AB}.Debug|x64.Build.0 = Debug|Any CPU
		{D385A767-3909-407B-8DF1-23C48586D6AB}.Debug|x86.ActiveCfg = Debug|Any CPU
		{D385A767-3909-407B-8DF1-23C48586D6AB}.Debug|x86.Build.0 = Debug|Any CPU
		{D385A767-3909-407B-8DF1-23C48586D6AB}.Release|Any CPU.ActiveCfg = Release|Any CPU
		{D385A767-3909-407B-8DF1-23C48586D6AB}.Release|Any CPU.Build.0 = Release|Any CPU
		{D385A767-3909-407B-8DF1-23C48586D6AB}.Release|x64.ActiveCfg = Release|Any CPU
		{D385A767-3909-407B-8DF1-23C48586D6AB}.Release|x64.Build.0 = Release|Any CPU
		{D385A767-3909-407B-8DF1-23C48586D6AB}.Release|x86.ActiveCfg = Release|Any CPU
		{D385A767-3909-407B-8DF1-23C48586D6AB}.Release|x86.Build.0 = Release|Any CPU
		{7C743180-0EA7-432D-8087-A6FA66269921}.Debug|Any CPU.ActiveCfg = Debug|Any CPU
		{7C743180-0EA7-432D-8087-A6FA66269921}.Debug|Any CPU.Build.0 = Debug|Any CPU
		{7C743180-0EA7-432D-8087-A6FA66269921}.Debug|x64.ActiveCfg = Debug|Any CPU
		{7C743180-0EA7-432D-8087-A6FA66269921}.Debug|x64.Build.0 = Debug|Any CPU
		{7C743180-0EA7-432D-8087-A6FA66269921}.Debug|x86.ActiveCfg = Debug|Any CPU
		{7C743180-0EA7-432D-8087-A6FA66269921}.Debug|x86.Build.0 = Debug|Any CPU
		{7C743180-0EA7-432D-8087-A6FA66269921}.Release|Any CPU.ActiveCfg = Release|Any CPU
		{7C743180-0EA7-432D-8087-A6FA66269921}.Release|Any CPU.Build.0 = Release|Any CPU
		{7C743180-0EA7-432D-8087-A6FA66269921}.Release|x64.ActiveCfg = Release|Any CPU
		{7C743180-0EA7-432D-8087-A6FA66269921}.Release|x64.Build.0 = Release|Any CPU
		{7C743180-0EA7-432D-8087-A6FA66269921}.Release|x86.ActiveCfg = Release|Any CPU
		{7C743180-0EA7-432D-8087-A6FA66269921}.Release|x86.Build.0 = Release|Any CPU
		{C454E5AF-6C66-45DD-9659-D4E6978F77C1}.Debug|Any CPU.ActiveCfg = Debug|Any CPU
		{C454E5AF-6C66-45DD-9659-D4E6978F77C1}.Debug|Any CPU.Build.0 = Debug|Any CPU
		{C454E5AF-6C66-45DD-9659-D4E6978F77C1}.Debug|x64.ActiveCfg = Debug|Any CPU
		{C454E5AF-6C66-45DD-9659-D4E6978F77C1}.Debug|x64.Build.0 = Debug|Any CPU
		{C454E5AF-6C66-45DD-9659-D4E6978F77C1}.Debug|x86.ActiveCfg = Debug|Any CPU
		{C454E5AF-6C66-45DD-9659-D4E6978F77C1}.Debug|x86.Build.0 = Debug|Any CPU
		{C454E5AF-6C66-45DD-9659-D4E6978F77C1}.Release|Any CPU.ActiveCfg = Release|Any CPU
		{C454E5AF-6C66-45DD-9659-D4E6978F77C1}.Release|Any CPU.Build.0 = Release|Any CPU
		{C454E5AF-6C66-45DD-9659-D4E6978F77C1}.Release|x64.ActiveCfg = Release|Any CPU
		{C454E5AF-6C66-45DD-9659-D4E6978F77C1}.Release|x64.Build.0 = Release|Any CPU
		{C454E5AF-6C66-45DD-9659-D4E6978F77C1}.Release|x86.ActiveCfg = Release|Any CPU
		{C454E5AF-6C66-45DD-9659-D4E6978F77C1}.Release|x86.Build.0 = Release|Any CPU
		{BCA6D3E6-330C-4E9F-B220-BD0B8739AAC9}.Debug|Any CPU.ActiveCfg = Debug|Any CPU
		{BCA6D3E6-330C-4E9F-B220-BD0B8739AAC9}.Debug|Any CPU.Build.0 = Debug|Any CPU
		{BCA6D3E6-330C-4E9F-B220-BD0B8739AAC9}.Debug|x64.ActiveCfg = Debug|Any CPU
		{BCA6D3E6-330C-4E9F-B220-BD0B8739AAC9}.Debug|x64.Build.0 = Debug|Any CPU
		{BCA6D3E6-330C-4E9F-B220-BD0B8739AAC9}.Debug|x86.ActiveCfg = Debug|Any CPU
		{BCA6D3E6-330C-4E9F-B220-BD0B8739AAC9}.Debug|x86.Build.0 = Debug|Any CPU
		{BCA6D3E6-330C-4E9F-B220-BD0B8739AAC9}.Release|Any CPU.ActiveCfg = Release|Any CPU
		{BCA6D3E6-330C-4E9F-B220-BD0B8739AAC9}.Release|Any CPU.Build.0 = Release|Any CPU
		{BCA6D3E6-330C-4E9F-B220-BD0B8739AAC9}.Release|x64.ActiveCfg = Release|Any CPU
		{BCA6D3E6-330C-4E9F-B220-BD0B8739AAC9}.Release|x64.Build.0 = Release|Any CPU
		{BCA6D3E6-330C-4E9F-B220-BD0B8739AAC9}.Release|x86.ActiveCfg = Release|Any CPU
		{BCA6D3E6-330C-4E9F-B220-BD0B8739AAC9}.Release|x86.Build.0 = Release|Any CPU
		{A393111C-57F3-47DB-888B-545A7F9ED530}.Debug|Any CPU.ActiveCfg = Debug|Any CPU
		{A393111C-57F3-47DB-888B-545A7F9ED530}.Debug|Any CPU.Build.0 = Debug|Any CPU
		{A393111C-57F3-47DB-888B-545A7F9ED530}.Debug|x64.ActiveCfg = Debug|Any CPU
		{A393111C-57F3-47DB-888B-545A7F9ED530}.Debug|x64.Build.0 = Debug|Any CPU
		{A393111C-57F3-47DB-888B-545A7F9ED530}.Debug|x86.ActiveCfg = Debug|Any CPU
		{A393111C-57F3-47DB-888B-545A7F9ED530}.Debug|x86.Build.0 = Debug|Any CPU
		{A393111C-57F3-47DB-888B-545A7F9ED530}.Release|Any CPU.ActiveCfg = Release|Any CPU
		{A393111C-57F3-47DB-888B-545A7F9ED530}.Release|Any CPU.Build.0 = Release|Any CPU
		{A393111C-57F3-47DB-888B-545A7F9ED530}.Release|x64.ActiveCfg = Release|Any CPU
		{A393111C-57F3-47DB-888B-545A7F9ED530}.Release|x64.Build.0 = Release|Any CPU
		{A393111C-57F3-47DB-888B-545A7F9ED530}.Release|x86.ActiveCfg = Release|Any CPU
		{A393111C-57F3-47DB-888B-545A7F9ED530}.Release|x86.Build.0 = Release|Any CPU
		{9E38B6F1-F9AE-42EC-A88D-ABB69988EE77}.Debug|Any CPU.ActiveCfg = Debug|Any CPU
		{9E38B6F1-F9AE-42EC-A88D-ABB69988EE77}.Debug|Any CPU.Build.0 = Debug|Any CPU
		{9E38B6F1-F9AE-42EC-A88D-ABB69988EE77}.Debug|x64.ActiveCfg = Debug|Any CPU
		{9E38B6F1-F9AE-42EC-A88D-ABB69988EE77}.Debug|x64.Build.0 = Debug|Any CPU
		{9E38B6F1-F9AE-42EC-A88D-ABB69988EE77}.Debug|x86.ActiveCfg = Debug|Any CPU
		{9E38B6F1-F9AE-42EC-A88D-ABB69988EE77}.Debug|x86.Build.0 = Debug|Any CPU
		{9E38B6F1-F9AE-42EC-A88D-ABB69988EE77}.Release|Any CPU.ActiveCfg = Release|Any CPU
		{9E38B6F1-F9AE-42EC-A88D-ABB69988EE77}.Release|Any CPU.Build.0 = Release|Any CPU
		{9E38B6F1-F9AE-42EC-A88D-ABB69988EE77}.Release|x64.ActiveCfg = Release|Any CPU
		{9E38B6F1-F9AE-42EC-A88D-ABB69988EE77}.Release|x64.Build.0 = Release|Any CPU
		{9E38B6F1-F9AE-42EC-A88D-ABB69988EE77}.Release|x86.ActiveCfg = Release|Any CPU
		{9E38B6F1-F9AE-42EC-A88D-ABB69988EE77}.Release|x86.Build.0 = Release|Any CPU
		{4E84112F-D0EE-4284-9CD5-FDAD570D9D4D}.Debug|Any CPU.ActiveCfg = Debug|Any CPU
		{4E84112F-D0EE-4284-9CD5-FDAD570D9D4D}.Debug|Any CPU.Build.0 = Debug|Any CPU
		{4E84112F-D0EE-4284-9CD5-FDAD570D9D4D}.Debug|x64.ActiveCfg = Debug|Any CPU
		{4E84112F-D0EE-4284-9CD5-FDAD570D9D4D}.Debug|x64.Build.0 = Debug|Any CPU
		{4E84112F-D0EE-4284-9CD5-FDAD570D9D4D}.Debug|x86.ActiveCfg = Debug|Any CPU
		{4E84112F-D0EE-4284-9CD5-FDAD570D9D4D}.Debug|x86.Build.0 = Debug|Any CPU
		{4E84112F-D0EE-4284-9CD5-FDAD570D9D4D}.Release|Any CPU.ActiveCfg = Release|Any CPU
		{4E84112F-D0EE-4284-9CD5-FDAD570D9D4D}.Release|Any CPU.Build.0 = Release|Any CPU
		{4E84112F-D0EE-4284-9CD5-FDAD570D9D4D}.Release|x64.ActiveCfg = Release|Any CPU
		{4E84112F-D0EE-4284-9CD5-FDAD570D9D4D}.Release|x64.Build.0 = Release|Any CPU
		{4E84112F-D0EE-4284-9CD5-FDAD570D9D4D}.Release|x86.ActiveCfg = Release|Any CPU
		{4E84112F-D0EE-4284-9CD5-FDAD570D9D4D}.Release|x86.Build.0 = Release|Any CPU
		{6E79C00F-3D51-4607-8A33-DCCA82963285}.Debug|Any CPU.ActiveCfg = Debug|Any CPU
		{6E79C00F-3D51-4607-8A33-DCCA82963285}.Debug|Any CPU.Build.0 = Debug|Any CPU
		{6E79C00F-3D51-4607-8A33-DCCA82963285}.Debug|x64.ActiveCfg = Debug|Any CPU
		{6E79C00F-3D51-4607-8A33-DCCA82963285}.Debug|x64.Build.0 = Debug|Any CPU
		{6E79C00F-3D51-4607-8A33-DCCA82963285}.Debug|x86.ActiveCfg = Debug|Any CPU
		{6E79C00F-3D51-4607-8A33-DCCA82963285}.Debug|x86.Build.0 = Debug|Any CPU
		{6E79C00F-3D51-4607-8A33-DCCA82963285}.Release|Any CPU.ActiveCfg = Release|Any CPU
		{6E79C00F-3D51-4607-8A33-DCCA82963285}.Release|Any CPU.Build.0 = Release|Any CPU
		{6E79C00F-3D51-4607-8A33-DCCA82963285}.Release|x64.ActiveCfg = Release|Any CPU
		{6E79C00F-3D51-4607-8A33-DCCA82963285}.Release|x64.Build.0 = Release|Any CPU
		{6E79C00F-3D51-4607-8A33-DCCA82963285}.Release|x86.ActiveCfg = Release|Any CPU
		{6E79C00F-3D51-4607-8A33-DCCA82963285}.Release|x86.Build.0 = Release|Any CPU
		{3980FA3F-A0B1-42BB-9D97-38BD33787509}.Debug|Any CPU.ActiveCfg = Debug|Any CPU
		{3980FA3F-A0B1-42BB-9D97-38BD33787509}.Debug|Any CPU.Build.0 = Debug|Any CPU
		{3980FA3F-A0B1-42BB-9D97-38BD33787509}.Debug|x64.ActiveCfg = Debug|Any CPU
		{3980FA3F-A0B1-42BB-9D97-38BD33787509}.Debug|x64.Build.0 = Debug|Any CPU
		{3980FA3F-A0B1-42BB-9D97-38BD33787509}.Debug|x86.ActiveCfg = Debug|Any CPU
		{3980FA3F-A0B1-42BB-9D97-38BD33787509}.Debug|x86.Build.0 = Debug|Any CPU
		{3980FA3F-A0B1-42BB-9D97-38BD33787509}.Release|Any CPU.ActiveCfg = Release|Any CPU
		{3980FA3F-A0B1-42BB-9D97-38BD33787509}.Release|Any CPU.Build.0 = Release|Any CPU
		{3980FA3F-A0B1-42BB-9D97-38BD33787509}.Release|x64.ActiveCfg = Release|Any CPU
		{3980FA3F-A0B1-42BB-9D97-38BD33787509}.Release|x64.Build.0 = Release|Any CPU
		{3980FA3F-A0B1-42BB-9D97-38BD33787509}.Release|x86.ActiveCfg = Release|Any CPU
		{3980FA3F-A0B1-42BB-9D97-38BD33787509}.Release|x86.Build.0 = Release|Any CPU
		{E58E4C0E-FA20-4F71-8727-1FF07A141A71}.Debug|Any CPU.ActiveCfg = Debug|Any CPU
		{E58E4C0E-FA20-4F71-8727-1FF07A141A71}.Debug|Any CPU.Build.0 = Debug|Any CPU
		{E58E4C0E-FA20-4F71-8727-1FF07A141A71}.Debug|x64.ActiveCfg = Debug|Any CPU
		{E58E4C0E-FA20-4F71-8727-1FF07A141A71}.Debug|x64.Build.0 = Debug|Any CPU
		{E58E4C0E-FA20-4F71-8727-1FF07A141A71}.Debug|x86.ActiveCfg = Debug|Any CPU
		{E58E4C0E-FA20-4F71-8727-1FF07A141A71}.Debug|x86.Build.0 = Debug|Any CPU
		{E58E4C0E-FA20-4F71-8727-1FF07A141A71}.Release|Any CPU.ActiveCfg = Release|Any CPU
		{E58E4C0E-FA20-4F71-8727-1FF07A141A71}.Release|Any CPU.Build.0 = Release|Any CPU
		{E58E4C0E-FA20-4F71-8727-1FF07A141A71}.Release|x64.ActiveCfg = Release|Any CPU
		{E58E4C0E-FA20-4F71-8727-1FF07A141A71}.Release|x64.Build.0 = Release|Any CPU
		{E58E4C0E-FA20-4F71-8727-1FF07A141A71}.Release|x86.ActiveCfg = Release|Any CPU
		{E58E4C0E-FA20-4F71-8727-1FF07A141A71}.Release|x86.Build.0 = Release|Any CPU
		{3DE66750-4ACB-44A8-847D-B3BA92A3BA52}.Debug|Any CPU.ActiveCfg = Debug|Any CPU
		{3DE66750-4ACB-44A8-847D-B3BA92A3BA52}.Debug|Any CPU.Build.0 = Debug|Any CPU
		{3DE66750-4ACB-44A8-847D-B3BA92A3BA52}.Debug|x64.ActiveCfg = Debug|Any CPU
		{3DE66750-4ACB-44A8-847D-B3BA92A3BA52}.Debug|x64.Build.0 = Debug|Any CPU
		{3DE66750-4ACB-44A8-847D-B3BA92A3BA52}.Debug|x86.ActiveCfg = Debug|Any CPU
		{3DE66750-4ACB-44A8-847D-B3BA92A3BA52}.Debug|x86.Build.0 = Debug|Any CPU
		{3DE66750-4ACB-44A8-847D-B3BA92A3BA52}.Release|Any CPU.ActiveCfg = Release|Any CPU
		{3DE66750-4ACB-44A8-847D-B3BA92A3BA52}.Release|Any CPU.Build.0 = Release|Any CPU
		{3DE66750-4ACB-44A8-847D-B3BA92A3BA52}.Release|x64.ActiveCfg = Release|Any CPU
		{3DE66750-4ACB-44A8-847D-B3BA92A3BA52}.Release|x64.Build.0 = Release|Any CPU
		{3DE66750-4ACB-44A8-847D-B3BA92A3BA52}.Release|x86.ActiveCfg = Release|Any CPU
		{3DE66750-4ACB-44A8-847D-B3BA92A3BA52}.Release|x86.Build.0 = Release|Any CPU
		{2728B804-8467-4983-831F-185AEA2AE1A3}.Debug|Any CPU.ActiveCfg = Debug|Any CPU
		{2728B804-8467-4983-831F-185AEA2AE1A3}.Debug|Any CPU.Build.0 = Debug|Any CPU
		{2728B804-8467-4983-831F-185AEA2AE1A3}.Debug|x64.ActiveCfg = Debug|Any CPU
		{2728B804-8467-4983-831F-185AEA2AE1A3}.Debug|x64.Build.0 = Debug|Any CPU
		{2728B804-8467-4983-831F-185AEA2AE1A3}.Debug|x86.ActiveCfg = Debug|Any CPU
		{2728B804-8467-4983-831F-185AEA2AE1A3}.Debug|x86.Build.0 = Debug|Any CPU
		{2728B804-8467-4983-831F-185AEA2AE1A3}.Release|Any CPU.ActiveCfg = Release|Any CPU
		{2728B804-8467-4983-831F-185AEA2AE1A3}.Release|Any CPU.Build.0 = Release|Any CPU
		{2728B804-8467-4983-831F-185AEA2AE1A3}.Release|x64.ActiveCfg = Release|Any CPU
		{2728B804-8467-4983-831F-185AEA2AE1A3}.Release|x64.Build.0 = Release|Any CPU
		{2728B804-8467-4983-831F-185AEA2AE1A3}.Release|x86.ActiveCfg = Release|Any CPU
		{2728B804-8467-4983-831F-185AEA2AE1A3}.Release|x86.Build.0 = Release|Any CPU
		{89C66E5A-130C-46B8-BA0D-B0415674668C}.Debug|Any CPU.ActiveCfg = Debug|Any CPU
		{89C66E5A-130C-46B8-BA0D-B0415674668C}.Debug|Any CPU.Build.0 = Debug|Any CPU
		{89C66E5A-130C-46B8-BA0D-B0415674668C}.Debug|x64.ActiveCfg = Debug|Any CPU
		{89C66E5A-130C-46B8-BA0D-B0415674668C}.Debug|x64.Build.0 = Debug|Any CPU
		{89C66E5A-130C-46B8-BA0D-B0415674668C}.Debug|x86.ActiveCfg = Debug|Any CPU
		{89C66E5A-130C-46B8-BA0D-B0415674668C}.Debug|x86.Build.0 = Debug|Any CPU
		{89C66E5A-130C-46B8-BA0D-B0415674668C}.Release|Any CPU.ActiveCfg = Release|Any CPU
		{89C66E5A-130C-46B8-BA0D-B0415674668C}.Release|Any CPU.Build.0 = Release|Any CPU
		{89C66E5A-130C-46B8-BA0D-B0415674668C}.Release|x64.ActiveCfg = Release|Any CPU
		{89C66E5A-130C-46B8-BA0D-B0415674668C}.Release|x64.Build.0 = Release|Any CPU
		{89C66E5A-130C-46B8-BA0D-B0415674668C}.Release|x86.ActiveCfg = Release|Any CPU
		{89C66E5A-130C-46B8-BA0D-B0415674668C}.Release|x86.Build.0 = Release|Any CPU
		{1A59DA7C-0DB3-48C2-90CA-8FD0B58A08C6}.Debug|Any CPU.ActiveCfg = Debug|Any CPU
		{1A59DA7C-0DB3-48C2-90CA-8FD0B58A08C6}.Debug|Any CPU.Build.0 = Debug|Any CPU
		{1A59DA7C-0DB3-48C2-90CA-8FD0B58A08C6}.Debug|x64.ActiveCfg = Debug|Any CPU
		{1A59DA7C-0DB3-48C2-90CA-8FD0B58A08C6}.Debug|x64.Build.0 = Debug|Any CPU
		{1A59DA7C-0DB3-48C2-90CA-8FD0B58A08C6}.Debug|x86.ActiveCfg = Debug|Any CPU
		{1A59DA7C-0DB3-48C2-90CA-8FD0B58A08C6}.Debug|x86.Build.0 = Debug|Any CPU
		{1A59DA7C-0DB3-48C2-90CA-8FD0B58A08C6}.Release|Any CPU.ActiveCfg = Release|Any CPU
		{1A59DA7C-0DB3-48C2-90CA-8FD0B58A08C6}.Release|Any CPU.Build.0 = Release|Any CPU
		{1A59DA7C-0DB3-48C2-90CA-8FD0B58A08C6}.Release|x64.ActiveCfg = Release|Any CPU
		{1A59DA7C-0DB3-48C2-90CA-8FD0B58A08C6}.Release|x64.Build.0 = Release|Any CPU
		{1A59DA7C-0DB3-48C2-90CA-8FD0B58A08C6}.Release|x86.ActiveCfg = Release|Any CPU
		{1A59DA7C-0DB3-48C2-90CA-8FD0B58A08C6}.Release|x86.Build.0 = Release|Any CPU
		{F7990288-5DBE-4F0B-A421-9D2898E625E1}.Debug|Any CPU.ActiveCfg = Debug|Any CPU
		{F7990288-5DBE-4F0B-A421-9D2898E625E1}.Debug|Any CPU.Build.0 = Debug|Any CPU
		{F7990288-5DBE-4F0B-A421-9D2898E625E1}.Debug|x64.ActiveCfg = Debug|Any CPU
		{F7990288-5DBE-4F0B-A421-9D2898E625E1}.Debug|x64.Build.0 = Debug|Any CPU
		{F7990288-5DBE-4F0B-A421-9D2898E625E1}.Debug|x86.ActiveCfg = Debug|Any CPU
		{F7990288-5DBE-4F0B-A421-9D2898E625E1}.Debug|x86.Build.0 = Debug|Any CPU
		{F7990288-5DBE-4F0B-A421-9D2898E625E1}.Release|Any CPU.ActiveCfg = Release|Any CPU
		{F7990288-5DBE-4F0B-A421-9D2898E625E1}.Release|Any CPU.Build.0 = Release|Any CPU
		{F7990288-5DBE-4F0B-A421-9D2898E625E1}.Release|x64.ActiveCfg = Release|Any CPU
		{F7990288-5DBE-4F0B-A421-9D2898E625E1}.Release|x64.Build.0 = Release|Any CPU
		{F7990288-5DBE-4F0B-A421-9D2898E625E1}.Release|x86.ActiveCfg = Release|Any CPU
		{F7990288-5DBE-4F0B-A421-9D2898E625E1}.Release|x86.Build.0 = Release|Any CPU
		{B4142E79-BFE8-42C4-A50F-9D701C011F61}.Debug|Any CPU.ActiveCfg = Debug|Any CPU
		{B4142E79-BFE8-42C4-A50F-9D701C011F61}.Debug|Any CPU.Build.0 = Debug|Any CPU
		{B4142E79-BFE8-42C4-A50F-9D701C011F61}.Debug|x64.ActiveCfg = Debug|Any CPU
		{B4142E79-BFE8-42C4-A50F-9D701C011F61}.Debug|x64.Build.0 = Debug|Any CPU
		{B4142E79-BFE8-42C4-A50F-9D701C011F61}.Debug|x86.ActiveCfg = Debug|Any CPU
		{B4142E79-BFE8-42C4-A50F-9D701C011F61}.Debug|x86.Build.0 = Debug|Any CPU
		{B4142E79-BFE8-42C4-A50F-9D701C011F61}.Release|Any CPU.ActiveCfg = Release|Any CPU
		{B4142E79-BFE8-42C4-A50F-9D701C011F61}.Release|Any CPU.Build.0 = Release|Any CPU
		{B4142E79-BFE8-42C4-A50F-9D701C011F61}.Release|x64.ActiveCfg = Release|Any CPU
		{B4142E79-BFE8-42C4-A50F-9D701C011F61}.Release|x64.Build.0 = Release|Any CPU
		{B4142E79-BFE8-42C4-A50F-9D701C011F61}.Release|x86.ActiveCfg = Release|Any CPU
		{B4142E79-BFE8-42C4-A50F-9D701C011F61}.Release|x86.Build.0 = Release|Any CPU
	EndGlobalSection
	GlobalSection(NestedProjects) = preSolution
		{D1CBFCAC-CC09-4832-97A2-B0E31319C891} = {6FF84701-5A4E-4664-8E4D-C925F1D10D14}
		{E5CDA9C9-32DA-4811-89C0-D32662396463} = {6FF84701-5A4E-4664-8E4D-C925F1D10D14}
		{C7B07E68-092E-4714-85D3-E4308784ACD7} = {6FF84701-5A4E-4664-8E4D-C925F1D10D14}
		{014A61F2-08ED-4255-AC02-D44DEB86CB7B} = {6FF84701-5A4E-4664-8E4D-C925F1D10D14}
		{A15D4AE0-E8DF-437A-8DE6-9D599686EB19} = {6FF84701-5A4E-4664-8E4D-C925F1D10D14}
		{41F881F0-B4DF-4C2A-8586-C0D18F41203B} = {6FF84701-5A4E-4664-8E4D-C925F1D10D14}
		{7C743180-0EA7-432D-8087-A6FA66269921} = {6FF84701-5A4E-4664-8E4D-C925F1D10D14}
		{BCA6D3E6-330C-4E9F-B220-BD0B8739AAC9} = {6FF84701-5A4E-4664-8E4D-C925F1D10D14}
		{9E38B6F1-F9AE-42EC-A88D-ABB69988EE77} = {6FF84701-5A4E-4664-8E4D-C925F1D10D14}
		{6E79C00F-3D51-4607-8A33-DCCA82963285} = {6FF84701-5A4E-4664-8E4D-C925F1D10D14}
		{E58E4C0E-FA20-4F71-8727-1FF07A141A71} = {6FF84701-5A4E-4664-8E4D-C925F1D10D14}
		{2728B804-8467-4983-831F-185AEA2AE1A3} = {6FF84701-5A4E-4664-8E4D-C925F1D10D14}
		{1A59DA7C-0DB3-48C2-90CA-8FD0B58A08C6} = {6FF84701-5A4E-4664-8E4D-C925F1D10D14}
		{B4142E79-BFE8-42C4-A50F-9D701C011F61} = {6FF84701-5A4E-4664-8E4D-C925F1D10D14}
	EndGlobalSection
EndGlobal
