
Microsoft Visual Studio Solution File, Format Version 12.00
# Visual Studio 15
VisualStudioVersion = 15.0.26124.0
MinimumVisualStudioVersion = 15.0.26124.0
Project("{FAE04EC0-301F-11D3-BF4B-00C04F79EFBC}") = "day01", "day01\day01.csproj", "{DAB74490-949B-4356-88E8-A6E37EAE65FE}"
EndProject
Project("{2150E333-8FDC-42A3-9474-1A3956D46DE8}") = "tests", "tests", "{6FF84701-5A4E-4664-8E4D-C925F1D10D14}"
EndProject
Project("{FAE04EC0-301F-11D3-BF4B-00C04F79EFBC}") = "day02", "day02\day02.csproj", "{6B98E093-7D82-417C-A717-8755E93488D5}"
EndProject
Project("{FAE04EC0-301F-11D3-BF4B-00C04F79EFBC}") = "day02tests", "tests\day02tests\day02tests.csproj", "{D1CBFCAC-CC09-4832-97A2-B0E31319C891}"
EndProject
Project("{FAE04EC0-301F-11D3-BF4B-00C04F79EFBC}") = "day03", "day03\day03.csproj", "{53503387-44EB-47D2-80CC-8E18D63FD043}"
EndProject
Global
	GlobalSection(SolutionConfigurationPlatforms) = preSolution
		Debug|Any CPU = Debug|Any CPU
		Debug|x64 = Debug|x64
		Debug|x86 = Debug|x86
		Release|Any CPU = Release|Any CPU
		Release|x64 = Release|x64
		Release|x86 = Release|x86
	EndGlobalSection
	GlobalSection(SolutionProperties) = preSolution
		HideSolutionNode = FALSE
	EndGlobalSection
	GlobalSection(ProjectConfigurationPlatforms) = postSolution
		{DAB74490-949B-4356-88E8-A6E37EAE65FE}.Debug|Any CPU.ActiveCfg = Debug|Any CPU
		{DAB74490-949B-4356-88E8-A6E37EAE65FE}.Debug|Any CPU.Build.0 = Debug|Any CPU
		{DAB74490-949B-4356-88E8-A6E37EAE65FE}.Debug|x64.ActiveCfg = Debug|Any CPU
		{DAB74490-949B-4356-88E8-A6E37EAE65FE}.Debug|x64.Build.0 = Debug|Any CPU
		{DAB74490-949B-4356-88E8-A6E37EAE65FE}.Debug|x86.ActiveCfg = Debug|Any CPU
		{DAB74490-949B-4356-88E8-A6E37EAE65FE}.Debug|x86.Build.0 = Debug|Any CPU
		{DAB74490-949B-4356-88E8-A6E37EAE65FE}.Release|Any CPU.ActiveCfg = Release|Any CPU
		{DAB74490-949B-4356-88E8-A6E37EAE65FE}.Release|Any CPU.Build.0 = Release|Any CPU
		{DAB74490-949B-4356-88E8-A6E37EAE65FE}.Release|x64.ActiveCfg = Release|Any CPU
		{DAB74490-949B-4356-88E8-A6E37EAE65FE}.Release|x64.Build.0 = Release|Any CPU
		{DAB74490-949B-4356-88E8-A6E37EAE65FE}.Release|x86.ActiveCfg = Release|Any CPU
		{DAB74490-949B-4356-88E8-A6E37EAE65FE}.Release|x86.Build.0 = Release|Any CPU
		{6B98E093-7D82-417C-A717-8755E93488D5}.Debug|Any CPU.ActiveCfg = Debug|Any CPU
		{6B98E093-7D82-417C-A717-8755E93488D5}.Debug|Any CPU.Build.0 = Debug|Any CPU
		{6B98E093-7D82-417C-A717-8755E93488D5}.Debug|x64.ActiveCfg = Debug|Any CPU
		{6B98E093-7D82-417C-A717-8755E93488D5}.Debug|x64.Build.0 = Debug|Any CPU
		{6B98E093-7D82-417C-A717-8755E93488D5}.Debug|x86.ActiveCfg = Debug|Any CPU
		{6B98E093-7D82-417C-A717-8755E93488D5}.Debug|x86.Build.0 = Debug|Any CPU
		{6B98E093-7D82-417C-A717-8755E93488D5}.Release|Any CPU.ActiveCfg = Release|Any CPU
		{6B98E093-7D82-417C-A717-8755E93488D5}.Release|Any CPU.Build.0 = Release|Any CPU
		{6B98E093-7D82-417C-A717-8755E93488D5}.Release|x64.ActiveCfg = Release|Any CPU
		{6B98E093-7D82-417C-A717-8755E93488D5}.Release|x64.Build.0 = Release|Any CPU
		{6B98E093-7D82-417C-A717-8755E93488D5}.Release|x86.ActiveCfg = Release|Any CPU
		{6B98E093-7D82-417C-A717-8755E93488D5}.Release|x86.Build.0 = Release|Any CPU
		{D1CBFCAC-CC09-4832-97A2-B0E31319C891}.Debug|Any CPU.ActiveCfg = Debug|Any CPU
		{D1CBFCAC-CC09-4832-97A2-B0E31319C891}.Debug|Any CPU.Build.0 = Debug|Any CPU
		{D1CBFCAC-CC09-4832-97A2-B0E31319C891}.Debug|x64.ActiveCfg = Debug|Any CPU
		{D1CBFCAC-CC09-4832-97A2-B0E31319C891}.Debug|x64.Build.0 = Debug|Any CPU
		{D1CBFCAC-CC09-4832-97A2-B0E31319C891}.Debug|x86.ActiveCfg = Debug|Any CPU
		{D1CBFCAC-CC09-4832-97A2-B0E31319C891}.Debug|x86.Build.0 = Debug|Any CPU
		{D1CBFCAC-CC09-4832-97A2-B0E31319C891}.Release|Any CPU.ActiveCfg = Release|Any CPU
		{D1CBFCAC-CC09-4832-97A2-B0E31319C891}.Release|Any CPU.Build.0 = Release|Any CPU
		{D1CBFCAC-CC09-4832-97A2-B0E31319C891}.Release|x64.ActiveCfg = Release|Any CPU
		{D1CBFCAC-CC09-4832-97A2-B0E31319C891}.Release|x64.Build.0 = Release|Any CPU
		{D1CBFCAC-CC09-4832-97A2-B0E31319C891}.Release|x86.ActiveCfg = Release|Any CPU
		{D1CBFCAC-CC09-4832-97A2-B0E31319C891}.Release|x86.Build.0 = Release|Any CPU
		{53503387-44EB-47D2-80CC-8E18D63FD043}.Debug|Any CPU.ActiveCfg = Debug|Any CPU
		{53503387-44EB-47D2-80CC-8E18D63FD043}.Debug|Any CPU.Build.0 = Debug|Any CPU
		{53503387-44EB-47D2-80CC-8E18D63FD043}.Debug|x64.ActiveCfg = Debug|Any CPU
		{53503387-44EB-47D2-80CC-8E18D63FD043}.Debug|x64.Build.0 = Debug|Any CPU
		{53503387-44EB-47D2-80CC-8E18D63FD043}.Debug|x86.ActiveCfg = Debug|Any CPU
		{53503387-44EB-47D2-80CC-8E18D63FD043}.Debug|x86.Build.0 = Debug|Any CPU
		{53503387-44EB-47D2-80CC-8E18D63FD043}.Release|Any CPU.ActiveCfg = Release|Any CPU
		{53503387-44EB-47D2-80CC-8E18D63FD043}.Release|Any CPU.Build.0 = Release|Any CPU
		{53503387-44EB-47D2-80CC-8E18D63FD043}.Release|x64.ActiveCfg = Release|Any CPU
		{53503387-44EB-47D2-80CC-8E18D63FD043}.Release|x64.Build.0 = Release|Any CPU
		{53503387-44EB-47D2-80CC-8E18D63FD043}.Release|x86.ActiveCfg = Release|Any CPU
		{53503387-44EB-47D2-80CC-8E18D63FD043}.Release|x86.Build.0 = Release|Any CPU
	EndGlobalSection
	GlobalSection(NestedProjects) = preSolution
		{D1CBFCAC-CC09-4832-97A2-B0E31319C891} = {6FF84701-5A4E-4664-8E4D-C925F1D10D14}
	EndGlobalSection
EndGlobal
