
Microsoft Visual Studio Solution File, Format Version 12.00
# Visual Studio 15
VisualStudioVersion = 15.0.26124.0
MinimumVisualStudioVersion = 15.0.26124.0
Project("{FAE04EC0-301F-11D3-BF4B-00C04F79EFBC}") = "day01", "day01\day01.csproj", "{DAB74490-949B-4356-88E8-A6E37EAE65FE}"
EndProject
Project("{2150E333-8FDC-42A3-9474-1A3956D46DE8}") = "tests", "tests", "{6FF84701-5A4E-4664-8E4D-C925F1D10D14}"
EndProject
Project("{FAE04EC0-301F-11D3-BF4B-00C04F79EFBC}") = "day02", "day02\day02.csproj", "{6B98E093-7D82-417C-A717-8755E93488D5}"
EndProject
Project("{FAE04EC0-301F-11D3-BF4B-00C04F79EFBC}") = "day02tests", "tests\day02tests\day02tests.csproj", "{D1CBFCAC-CC09-4832-97A2-B0E31319C891}"
EndProject
Project("{FAE04EC0-301F-11D3-BF4B-00C04F79EFBC}") = "day03", "day03\day03.csproj", "{53503387-44EB-47D2-80CC-8E18D63FD043}"
EndProject
Project("{FAE04EC0-301F-11D3-BF4B-00C04F79EFBC}") = "day04", "day04\day04.csproj", "{7A5786F0-7ED4-4197-B407-C74F4BB7BABF}"
EndProject
Project("{FAE04EC0-301F-11D3-BF4B-00C04F79EFBC}") = "day04tests", "tests\day04tests\day04tests.csproj", "{E5CDA9C9-32DA-4811-89C0-D32662396463}"
EndProject
Project("{FAE04EC0-301F-11D3-BF4B-00C04F79EFBC}") = "day05", "day05\day05.csproj", "{B2EED650-C09A-4C09-B9C4-6EDDCAC1A2A5}"
EndProject
Project("{FAE04EC0-301F-11D3-BF4B-00C04F79EFBC}") = "day05tests", "tests\day05tests\day05tests.csproj", "{C7B07E68-092E-4714-85D3-E4308784ACD7}"
EndProject
Project("{FAE04EC0-301F-11D3-BF4B-00C04F79EFBC}") = "day06", "day06\day06.csproj", "{7F960E12-AF4C-432B-81C9-218CD1DC100D}"
EndProject
Project("{FAE04EC0-301F-11D3-BF4B-00C04F79EFBC}") = "day06tests", "tests\day06tests\day06tests.csproj", "{014A61F2-08ED-4255-AC02-D44DEB86CB7B}"
EndProject
Global
	GlobalSection(SolutionConfigurationPlatforms) = preSolution
		Debug|Any CPU = Debug|Any CPU
		Debug|x64 = Debug|x64
		Debug|x86 = Debug|x86
		Release|Any CPU = Release|Any CPU
		Release|x64 = Release|x64
		Release|x86 = Release|x86
	EndGlobalSection
	GlobalSection(SolutionProperties) = preSolution
		HideSolutionNode = FALSE
	EndGlobalSection
	GlobalSection(ProjectConfigurationPlatforms) = postSolution
		{DAB74490-949B-4356-88E8-A6E37EAE65FE}.Debug|Any CPU.ActiveCfg = Debug|Any CPU
		{DAB74490-949B-4356-88E8-A6E37EAE65FE}.Debug|Any CPU.Build.0 = Debug|Any CPU
		{DAB74490-949B-4356-88E8-A6E37EAE65FE}.Debug|x64.ActiveCfg = Debug|Any CPU
		{DAB74490-949B-4356-88E8-A6E37EAE65FE}.Debug|x64.Build.0 = Debug|Any CPU
		{DAB74490-949B-4356-88E8-A6E37EAE65FE}.Debug|x86.ActiveCfg = Debug|Any CPU
		{DAB74490-949B-4356-88E8-A6E37EAE65FE}.Debug|x86.Build.0 = Debug|Any CPU
		{DAB74490-949B-4356-88E8-A6E37EAE65FE}.Release|Any CPU.ActiveCfg = Release|Any CPU
		{DAB74490-949B-4356-88E8-A6E37EAE65FE}.Release|Any CPU.Build.0 = Release|Any CPU
		{DAB74490-949B-4356-88E8-A6E37EAE65FE}.Release|x64.ActiveCfg = Release|Any CPU
		{DAB74490-949B-4356-88E8-A6E37EAE65FE}.Release|x64.Build.0 = Release|Any CPU
		{DAB74490-949B-4356-88E8-A6E37EAE65FE}.Release|x86.ActiveCfg = Release|Any CPU
		{DAB74490-949B-4356-88E8-A6E37EAE65FE}.Release|x86.Build.0 = Release|Any CPU
		{6B98E093-7D82-417C-A717-8755E93488D5}.Debug|Any CPU.ActiveCfg = Debug|Any CPU
		{6B98E093-7D82-417C-A717-8755E93488D5}.Debug|Any CPU.Build.0 = Debug|Any CPU
		{6B98E093-7D82-417C-A717-8755E93488D5}.Debug|x64.ActiveCfg = Debug|Any CPU
		{6B98E093-7D82-417C-A717-8755E93488D5}.Debug|x64.Build.0 = Debug|Any CPU
		{6B98E093-7D82-417C-A717-8755E93488D5}.Debug|x86.ActiveCfg = Debug|Any CPU
		{6B98E093-7D82-417C-A717-8755E93488D5}.Debug|x86.Build.0 = Debug|Any CPU
		{6B98E093-7D82-417C-A717-8755E93488D5}.Release|Any CPU.ActiveCfg = Release|Any CPU
		{6B98E093-7D82-417C-A717-8755E93488D5}.Release|Any CPU.Build.0 = Release|Any CPU
		{6B98E093-7D82-417C-A717-8755E93488D5}.Release|x64.ActiveCfg = Release|Any CPU
		{6B98E093-7D82-417C-A717-8755E93488D5}.Release|x64.Build.0 = Release|Any CPU
		{6B98E093-7D82-417C-A717-8755E93488D5}.Release|x86.ActiveCfg = Release|Any CPU
		{6B98E093-7D82-417C-A717-8755E93488D5}.Release|x86.Build.0 = Release|Any CPU
		{D1CBFCAC-CC09-4832-97A2-B0E31319C891}.Debug|Any CPU.ActiveCfg = Debug|Any CPU
		{D1CBFCAC-CC09-4832-97A2-B0E31319C891}.Debug|Any CPU.Build.0 = Debug|Any CPU
		{D1CBFCAC-CC09-4832-97A2-B0E31319C891}.Debug|x64.ActiveCfg = Debug|Any CPU
		{D1CBFCAC-CC09-4832-97A2-B0E31319C891}.Debug|x64.Build.0 = Debug|Any CPU
		{D1CBFCAC-CC09-4832-97A2-B0E31319C891}.Debug|x86.ActiveCfg = Debug|Any CPU
		{D1CBFCAC-CC09-4832-97A2-B0E31319C891}.Debug|x86.Build.0 = Debug|Any CPU
		{D1CBFCAC-CC09-4832-97A2-B0E31319C891}.Release|Any CPU.ActiveCfg = Release|Any CPU
		{D1CBFCAC-CC09-4832-97A2-B0E31319C891}.Release|Any CPU.Build.0 = Release|Any CPU
		{D1CBFCAC-CC09-4832-97A2-B0E31319C891}.Release|x64.ActiveCfg = Release|Any CPU
		{D1CBFCAC-CC09-4832-97A2-B0E31319C891}.Release|x64.Build.0 = Release|Any CPU
		{D1CBFCAC-CC09-4832-97A2-B0E31319C891}.Release|x86.ActiveCfg = Release|Any CPU
		{D1CBFCAC-CC09-4832-97A2-B0E31319C891}.Release|x86.Build.0 = Release|Any CPU
		{53503387-44EB-47D2-80CC-8E18D63FD043}.Debug|Any CPU.ActiveCfg = Debug|Any CPU
		{53503387-44EB-47D2-80CC-8E18D63FD043}.Debug|Any CPU.Build.0 = Debug|Any CPU
		{53503387-44EB-47D2-80CC-8E18D63FD043}.Debug|x64.ActiveCfg = Debug|Any CPU
		{53503387-44EB-47D2-80CC-8E18D63FD043}.Debug|x64.Build.0 = Debug|Any CPU
		{53503387-44EB-47D2-80CC-8E18D63FD043}.Debug|x86.ActiveCfg = Debug|Any CPU
		{53503387-44EB-47D2-80CC-8E18D63FD043}.Debug|x86.Build.0 = Debug|Any CPU
		{53503387-44EB-47D2-80CC-8E18D63FD043}.Release|Any CPU.ActiveCfg = Release|Any CPU
		{53503387-44EB-47D2-80CC-8E18D63FD043}.Release|Any CPU.Build.0 = Release|Any CPU
		{53503387-44EB-47D2-80CC-8E18D63FD043}.Release|x64.ActiveCfg = Release|Any CPU
		{53503387-44EB-47D2-80CC-8E18D63FD043}.Release|x64.Build.0 = Release|Any CPU
		{53503387-44EB-47D2-80CC-8E18D63FD043}.Release|x86.ActiveCfg = Release|Any CPU
		{53503387-44EB-47D2-80CC-8E18D63FD043}.Release|x86.Build.0 = Release|Any CPU
		{7A5786F0-7ED4-4197-B407-C74F4BB7BABF}.Debug|Any CPU.ActiveCfg = Debug|Any CPU
		{7A5786F0-7ED4-4197-B407-C74F4BB7BABF}.Debug|Any CPU.Build.0 = Debug|Any CPU
		{7A5786F0-7ED4-4197-B407-C74F4BB7BABF}.Debug|x64.ActiveCfg = Debug|Any CPU
		{7A5786F0-7ED4-4197-B407-C74F4BB7BABF}.Debug|x64.Build.0 = Debug|Any CPU
		{7A5786F0-7ED4-4197-B407-C74F4BB7BABF}.Debug|x86.ActiveCfg = Debug|Any CPU
		{7A5786F0-7ED4-4197-B407-C74F4BB7BABF}.Debug|x86.Build.0 = Debug|Any CPU
		{7A5786F0-7ED4-4197-B407-C74F4BB7BABF}.Release|Any CPU.ActiveCfg = Release|Any CPU
		{7A5786F0-7ED4-4197-B407-C74F4BB7BABF}.Release|Any CPU.Build.0 = Release|Any CPU
		{7A5786F0-7ED4-4197-B407-C74F4BB7BABF}.Release|x64.ActiveCfg = Release|Any CPU
		{7A5786F0-7ED4-4197-B407-C74F4BB7BABF}.Release|x64.Build.0 = Release|Any CPU
		{7A5786F0-7ED4-4197-B407-C74F4BB7BABF}.Release|x86.ActiveCfg = Release|Any CPU
		{7A5786F0-7ED4-4197-B407-C74F4BB7BABF}.Release|x86.Build.0 = Release|Any CPU
		{E5CDA9C9-32DA-4811-89C0-D32662396463}.Debug|Any CPU.ActiveCfg = Debug|Any CPU
		{E5CDA9C9-32DA-4811-89C0-D32662396463}.Debug|Any CPU.Build.0 = Debug|Any CPU
		{E5CDA9C9-32DA-4811-89C0-D32662396463}.Debug|x64.ActiveCfg = Debug|Any CPU
		{E5CDA9C9-32DA-4811-89C0-D32662396463}.Debug|x64.Build.0 = Debug|Any CPU
		{E5CDA9C9-32DA-4811-89C0-D32662396463}.Debug|x86.ActiveCfg = Debug|Any CPU
		{E5CDA9C9-32DA-4811-89C0-D32662396463}.Debug|x86.Build.0 = Debug|Any CPU
		{E5CDA9C9-32DA-4811-89C0-D32662396463}.Release|Any CPU.ActiveCfg = Release|Any CPU
		{E5CDA9C9-32DA-4811-89C0-D32662396463}.Release|Any CPU.Build.0 = Release|Any CPU
		{E5CDA9C9-32DA-4811-89C0-D32662396463}.Release|x64.ActiveCfg = Release|Any CPU
		{E5CDA9C9-32DA-4811-89C0-D32662396463}.Release|x64.Build.0 = Release|Any CPU
		{E5CDA9C9-32DA-4811-89C0-D32662396463}.Release|x86.ActiveCfg = Release|Any CPU
		{E5CDA9C9-32DA-4811-89C0-D32662396463}.Release|x86.Build.0 = Release|Any CPU
		{B2EED650-C09A-4C09-B9C4-6EDDCAC1A2A5}.Debug|Any CPU.ActiveCfg = Debug|Any CPU
		{B2EED650-C09A-4C09-B9C4-6EDDCAC1A2A5}.Debug|Any CPU.Build.0 = Debug|Any CPU
		{B2EED650-C09A-4C09-B9C4-6EDDCAC1A2A5}.Debug|x64.ActiveCfg = Debug|Any CPU
		{B2EED650-C09A-4C09-B9C4-6EDDCAC1A2A5}.Debug|x64.Build.0 = Debug|Any CPU
		{B2EED650-C09A-4C09-B9C4-6EDDCAC1A2A5}.Debug|x86.ActiveCfg = Debug|Any CPU
		{B2EED650-C09A-4C09-B9C4-6EDDCAC1A2A5}.Debug|x86.Build.0 = Debug|Any CPU
		{B2EED650-C09A-4C09-B9C4-6EDDCAC1A2A5}.Release|Any CPU.ActiveCfg = Release|Any CPU
		{B2EED650-C09A-4C09-B9C4-6EDDCAC1A2A5}.Release|Any CPU.Build.0 = Release|Any CPU
		{B2EED650-C09A-4C09-B9C4-6EDDCAC1A2A5}.Release|x64.ActiveCfg = Release|Any CPU
		{B2EED650-C09A-4C09-B9C4-6EDDCAC1A2A5}.Release|x64.Build.0 = Release|Any CPU
		{B2EED650-C09A-4C09-B9C4-6EDDCAC1A2A5}.Release|x86.ActiveCfg = Release|Any CPU
		{B2EED650-C09A-4C09-B9C4-6EDDCAC1A2A5}.Release|x86.Build.0 = Release|Any CPU
		{C7B07E68-092E-4714-85D3-E4308784ACD7}.Debug|Any CPU.ActiveCfg = Debug|Any CPU
		{C7B07E68-092E-4714-85D3-E4308784ACD7}.Debug|Any CPU.Build.0 = Debug|Any CPU
		{C7B07E68-092E-4714-85D3-E4308784ACD7}.Debug|x64.ActiveCfg = Debug|Any CPU
		{C7B07E68-092E-4714-85D3-E4308784ACD7}.Debug|x64.Build.0 = Debug|Any CPU
		{C7B07E68-092E-4714-85D3-E4308784ACD7}.Debug|x86.ActiveCfg = Debug|Any CPU
		{C7B07E68-092E-4714-85D3-E4308784ACD7}.Debug|x86.Build.0 = Debug|Any CPU
		{C7B07E68-092E-4714-85D3-E4308784ACD7}.Release|Any CPU.ActiveCfg = Release|Any CPU
		{C7B07E68-092E-4714-85D3-E4308784ACD7}.Release|Any CPU.Build.0 = Release|Any CPU
		{C7B07E68-092E-4714-85D3-E4308784ACD7}.Release|x64.ActiveCfg = Release|Any CPU
		{C7B07E68-092E-4714-85D3-E4308784ACD7}.Release|x64.Build.0 = Release|Any CPU
		{C7B07E68-092E-4714-85D3-E4308784ACD7}.Release|x86.ActiveCfg = Release|Any CPU
		{C7B07E68-092E-4714-85D3-E4308784ACD7}.Release|x86.Build.0 = Release|Any CPU
		{7F960E12-AF4C-432B-81C9-218CD1DC100D}.Debug|Any CPU.ActiveCfg = Debug|Any CPU
		{7F960E12-AF4C-432B-81C9-218CD1DC100D}.Debug|Any CPU.Build.0 = Debug|Any CPU
		{7F960E12-AF4C-432B-81C9-218CD1DC100D}.Debug|x64.ActiveCfg = Debug|Any CPU
		{7F960E12-AF4C-432B-81C9-218CD1DC100D}.Debug|x64.Build.0 = Debug|Any CPU
		{7F960E12-AF4C-432B-81C9-218CD1DC100D}.Debug|x86.ActiveCfg = Debug|Any CPU
		{7F960E12-AF4C-432B-81C9-218CD1DC100D}.Debug|x86.Build.0 = Debug|Any CPU
		{7F960E12-AF4C-432B-81C9-218CD1DC100D}.Release|Any CPU.ActiveCfg = Release|Any CPU
		{7F960E12-AF4C-432B-81C9-218CD1DC100D}.Release|Any CPU.Build.0 = Release|Any CPU
		{7F960E12-AF4C-432B-81C9-218CD1DC100D}.Release|x64.ActiveCfg = Release|Any CPU
		{7F960E12-AF4C-432B-81C9-218CD1DC100D}.Release|x64.Build.0 = Release|Any CPU
		{7F960E12-AF4C-432B-81C9-218CD1DC100D}.Release|x86.ActiveCfg = Release|Any CPU
		{7F960E12-AF4C-432B-81C9-218CD1DC100D}.Release|x86.Build.0 = Release|Any CPU
		{014A61F2-08ED-4255-AC02-D44DEB86CB7B}.Debug|Any CPU.ActiveCfg = Debug|Any CPU
		{014A61F2-08ED-4255-AC02-D44DEB86CB7B}.Debug|Any CPU.Build.0 = Debug|Any CPU
		{014A61F2-08ED-4255-AC02-D44DEB86CB7B}.Debug|x64.ActiveCfg = Debug|Any CPU
		{014A61F2-08ED-4255-AC02-D44DEB86CB7B}.Debug|x64.Build.0 = Debug|Any CPU
		{014A61F2-08ED-4255-AC02-D44DEB86CB7B}.Debug|x86.ActiveCfg = Debug|Any CPU
		{014A61F2-08ED-4255-AC02-D44DEB86CB7B}.Debug|x86.Build.0 = Debug|Any CPU
		{014A61F2-08ED-4255-AC02-D44DEB86CB7B}.Release|Any CPU.ActiveCfg = Release|Any CPU
		{014A61F2-08ED-4255-AC02-D44DEB86CB7B}.Release|Any CPU.Build.0 = Release|Any CPU
		{014A61F2-08ED-4255-AC02-D44DEB86CB7B}.Release|x64.ActiveCfg = Release|Any CPU
		{014A61F2-08ED-4255-AC02-D44DEB86CB7B}.Release|x64.Build.0 = Release|Any CPU
		{014A61F2-08ED-4255-AC02-D44DEB86CB7B}.Release|x86.ActiveCfg = Release|Any CPU
		{014A61F2-08ED-4255-AC02-D44DEB86CB7B}.Release|x86.Build.0 = Release|Any CPU
	EndGlobalSection
	GlobalSection(NestedProjects) = preSolution
		{D1CBFCAC-CC09-4832-97A2-B0E31319C891} = {6FF84701-5A4E-4664-8E4D-C925F1D10D14}
		{E5CDA9C9-32DA-4811-89C0-D32662396463} = {6FF84701-5A4E-4664-8E4D-C925F1D10D14}
		{C7B07E68-092E-4714-85D3-E4308784ACD7} = {6FF84701-5A4E-4664-8E4D-C925F1D10D14}
		{014A61F2-08ED-4255-AC02-D44DEB86CB7B} = {6FF84701-5A4E-4664-8E4D-C925F1D10D14}
	EndGlobalSection
EndGlobal
